{
    "_readme": [
        "This file locks the dependencies of your project to a known state",
        "Read more about it at https://getcomposer.org/doc/01-basic-usage.md#installing-dependencies",
        "This file is @generated automatically"
    ],
    "content-hash": "3481c58c2c83be6c17b841931c565e5c",
    "packages": [
        {
            "name": "hershel-theodore-layton/html-stream-namespaced",
            "version": "v0.3.1",
            "source": {
                "type": "git",
                "url": "https://github.com/hershel-theodore-layton/html-stream-namespaced.git",
                "reference": "add3b917c89fa33194a4c2fa2366421d9a8a2742"
            },
            "dist": {
                "type": "zip",
                "url": "https://api.github.com/repos/hershel-theodore-layton/html-stream-namespaced/zipball/add3b917c89fa33194a4c2fa2366421d9a8a2742",
                "reference": "add3b917c89fa33194a4c2fa2366421d9a8a2742",
                "shasum": ""
            },
            "require": {
                "hershel-theodore-layton/sgml-stream": "^0.3",
                "hhvm": "^4.73",
                "hhvm/hsl": "^4.41"
            },
            "require-dev": {
                "facebook/fbexpect": "^2.7",
                "hhvm/hacktest": "^2.2",
                "hhvm/hhast": "^4.64",
                "hhvm/hhvm-autoload": "^3.2"
            },
            "type": "library",
            "notification-url": "https://packagist.org/downloads/",
            "license": [
                "MIT"
            ],
            "description": "HTML elements for sgml-stream in the HTL\\HTMLStream namespace.",
            "support": {
                "issues": "https://github.com/hershel-theodore-layton/html-stream-namespaced/issues",
                "source": "https://github.com/hershel-theodore-layton/html-stream-namespaced/tree/v0.3.1"
            },
            "time": "2021-05-17T21:27:33+00:00"
        },
        {
            "name": "hershel-theodore-layton/html-stream-non-namespaced",
            "version": "v0.3.1",
            "source": {
                "type": "git",
                "url": "https://github.com/hershel-theodore-layton/html-stream-non-namespaced.git",
                "reference": "b665e9319fbe5ec60ab29e04f287d4c839fc463a"
            },
            "dist": {
                "type": "zip",
                "url": "https://api.github.com/repos/hershel-theodore-layton/html-stream-non-namespaced/zipball/b665e9319fbe5ec60ab29e04f287d4c839fc463a",
                "reference": "b665e9319fbe5ec60ab29e04f287d4c839fc463a",
                "shasum": ""
            },
            "require": {
                "hershel-theodore-layton/sgml-stream": "^0.3",
                "hhvm": "^4.73",
                "hhvm/hsl": "^4.41"
            },
            "require-dev": {
                "facebook/fbexpect": "^2.7",
                "hhvm/hacktest": "^2.2",
                "hhvm/hhast": "^4.64",
                "hhvm/hhvm-autoload": "^3.2"
            },
            "type": "library",
            "notification-url": "https://packagist.org/downloads/",
            "license": [
                "MIT"
            ],
            "description": "HTML elements for sgml-stream in the root namespace.",
            "support": {
                "issues": "https://github.com/hershel-theodore-layton/html-stream-non-namespaced/issues",
                "source": "https://github.com/hershel-theodore-layton/html-stream-non-namespaced/tree/v0.3.1"
            },
            "time": "2021-05-17T21:27:28+00:00"
        },
        {
            "name": "hershel-theodore-layton/sgml-stream",
            "version": "v0.3.1",
            "source": {
                "type": "git",
                "url": "https://github.com/hershel-theodore-layton/sgml-stream.git",
                "reference": "dd8eb6b2b13bf3b0776414b9fa1bb1f256aa899b"
            },
            "dist": {
                "type": "zip",
                "url": "https://api.github.com/repos/hershel-theodore-layton/sgml-stream/zipball/dd8eb6b2b13bf3b0776414b9fa1bb1f256aa899b",
                "reference": "dd8eb6b2b13bf3b0776414b9fa1bb1f256aa899b",
                "shasum": ""
            },
            "require": {
                "hershel-theodore-layton/sgml-stream-interfaces": "^0.3",
                "hhvm": "^4.73",
                "hhvm/hsl": "^4.41"
            },
            "require-dev": {
                "facebook/fbexpect": "^2.7",
                "hhvm/hacktest": "^2.2",
                "hhvm/hhast": "^4.64",
                "hhvm/hhvm-autoload": "^3.2"
            },
            "type": "library",
            "notification-url": "https://packagist.org/downloads/",
            "license": [
                "MIT"
            ],
            "description": "A streaming implementation of XHP for HHVM.",
            "support": {
                "issues": "https://github.com/hershel-theodore-layton/sgml-stream/issues",
                "source": "https://github.com/hershel-theodore-layton/sgml-stream/tree/v0.3.1"
            },
            "time": "2021-04-24T19:24:25+00:00"
        },
        {
            "name": "hershel-theodore-layton/sgml-stream-interfaces",
            "version": "v0.3.0",
            "source": {
                "type": "git",
                "url": "https://github.com/hershel-theodore-layton/sgml-stream-interfaces.git",
                "reference": "379711f5ad659fa402ae06e774d32124f39cd769"
            },
            "dist": {
                "type": "zip",
                "url": "https://api.github.com/repos/hershel-theodore-layton/sgml-stream-interfaces/zipball/379711f5ad659fa402ae06e774d32124f39cd769",
                "reference": "379711f5ad659fa402ae06e774d32124f39cd769",
                "shasum": ""
            },
            "require": {
                "hhvm": "^4.73",
                "hhvm/hsl": "^4.41"
            },
            "require-dev": {
                "hhvm/hacktest": "^2.2",
                "hhvm/hhast": "^4.64",
                "hhvm/hhvm-autoload": "^3.2"
            },
            "type": "library",
            "notification-url": "https://packagist.org/downloads/",
            "license": [
                "MIT"
            ],
            "description": "Interfaces for interop with hershel-theodore-layton/sgml-stream",
            "support": {
                "issues": "https://github.com/hershel-theodore-layton/sgml-stream-interfaces/issues",
                "source": "https://github.com/hershel-theodore-layton/sgml-stream-interfaces/tree/v0.3.0"
            },
            "time": "2021-04-15T20:29:04+00:00"
        },
        {
            "name": "hhvm/hsl",
            "version": "v4.108.1",
            "source": {
                "type": "git",
                "url": "https://github.com/hhvm/hsl.git",
                "reference": "3b4375e6adf63ac9171721b031b662dd3524c5bb"
            },
            "dist": {
                "type": "zip",
                "url": "https://api.github.com/repos/hhvm/hsl/zipball/3b4375e6adf63ac9171721b031b662dd3524c5bb",
                "reference": "3b4375e6adf63ac9171721b031b662dd3524c5bb",
                "shasum": ""
            },
            "require": {
                "hhvm": "^4.108"
            },
            "require-dev": {
                "facebook/fbexpect": "^2.5.1",
                "hhvm/hacktest": "^1.0|^2.0",
                "hhvm/hhvm-autoload": "^2.0|^3.0",
                "hhvm/hsl-experimental": "^4.37|dev-master"
            },
            "type": "library",
            "extra": {
                "branch-alias": {
                    "dev-master": "4.x-dev",
                    "dev-CI_current_pull_request": "4.x-dev"
                }
            },
            "notification-url": "https://packagist.org/downloads/",
            "license": [
                "MIT"
            ],
            "description": "The Hack Standard Library",
            "support": {
                "issues": "https://github.com/hhvm/hsl/issues",
                "source": "https://github.com/hhvm/hsl/tree/v4.108.1"
            },
            "time": "2021-05-04T14:32:06+00:00"
        }
    ],
    "packages-dev": [],
    "aliases": [],
    "minimum-stability": "stable",
    "stability-flags": [],
    "prefer-stable": false,
    "prefer-lowest": false,
    "platform": [],
    "platform-dev": [],
    "plugin-api-version": "2.1.0"
}
